
Microsoft Visual Studio Solution File, Format Version 12.00
# Visual Studio Version 17
VisualStudioVersion = 17.0.31903.59
MinimumVisualStudioVersion = 10.0.40219.1
Project("{2150E333-8FDC-42A3-9474-1A3956D46DE8}") = "src", "src", "{7B947E94-B91F-4152-B0DC-F3B42984740C}"
EndProject
Project("{FAE04EC0-301F-11D3-BF4B-00C04F79EFBC}") = "Inoa.Challenge.Console", "src\Inoa.Challenge.Console\Inoa.Challenge.Console.csproj", "{A28BDC89-EDEB-45DC-AFC8-039193413C52}"
EndProject
Project("{2150E333-8FDC-42A3-9474-1A3956D46DE8}") = "tests", "tests", "{10A4E5EC-1CDB-49A2-8715-749D69DEE949}"
EndProject
Project("{2150E333-8FDC-42A3-9474-1A3956D46DE8}") = "UnitTests", "UnitTests", "{9FF0FF1F-611E-411D-B898-67A9A07E1DAA}"
EndProject
Project("{FAE04EC0-301F-11D3-BF4B-00C04F79EFBC}") = "Inoa.Challenge.Console.UnitTest", "tests\UnitTests\Inoa.Challenge.Console.UnitTest\Inoa.Challenge.Console.UnitTest.csproj", "{64A90259-DFBF-4234-9568-2D9A047C5C6E}"
EndProject
Global
	GlobalSection(SolutionConfigurationPlatforms) = preSolution
		Debug|Any CPU = Debug|Any CPU
		Release|Any CPU = Release|Any CPU
	EndGlobalSection
	GlobalSection(SolutionProperties) = preSolution
		HideSolutionNode = FALSE
	EndGlobalSection
	GlobalSection(ProjectConfigurationPlatforms) = postSolution
		{A28BDC89-EDEB-45DC-AFC8-039193413C52}.Debug|Any CPU.ActiveCfg = Debug|Any CPU
		{A28BDC89-EDEB-45DC-AFC8-039193413C52}.Debug|Any CPU.Build.0 = Debug|Any CPU
		{A28BDC89-EDEB-45DC-AFC8-039193413C52}.Release|Any CPU.ActiveCfg = Release|Any CPU
		{A28BDC89-EDEB-45DC-AFC8-039193413C52}.Release|Any CPU.Build.0 = Release|Any CPU
		{64A90259-DFBF-4234-9568-2D9A047C5C6E}.Debug|Any CPU.ActiveCfg = Debug|Any CPU
		{64A90259-DFBF-4234-9568-2D9A047C5C6E}.Debug|Any CPU.Build.0 = Debug|Any CPU
		{64A90259-DFBF-4234-9568-2D9A047C5C6E}.Release|Any CPU.ActiveCfg = Release|Any CPU
		{64A90259-DFBF-4234-9568-2D9A047C5C6E}.Release|Any CPU.Build.0 = Release|Any CPU
	EndGlobalSection
	GlobalSection(NestedProjects) = preSolution
		{A28BDC89-EDEB-45DC-AFC8-039193413C52} = {7B947E94-B91F-4152-B0DC-F3B42984740C}
		{9FF0FF1F-611E-411D-B898-67A9A07E1DAA} = {10A4E5EC-1CDB-49A2-8715-749D69DEE949}
		{64A90259-DFBF-4234-9568-2D9A047C5C6E} = {9FF0FF1F-611E-411D-B898-67A9A07E1DAA}
	EndGlobalSection
EndGlobal
